{
  "version": 4,
  "terraform_version": "1.12.2",
  "serial": 5,
  "lineage": "be7969b6-04cc-7490-0fa9-0e7f3188e572",
  "outputs": {},
  "resources": [
    {
      "mode": "managed",
      "type": "google_container_cluster",
      "name": "primary",
      "provider": "provider[\"registry.terraform.io/hashicorp/google\"]",
      "instances": [
        {
          "schema_version": 2,
          "attributes": {
            "addons_config": [
              {
                "cloudrun_config": [],
                "config_connector_config": [],
                "dns_cache_config": [],
                "gce_persistent_disk_csi_driver_config": [
                  {
                    "enabled": true
                  }
                ],
                "gcp_filestore_csi_driver_config": [],
                "gcs_fuse_csi_driver_config": [],
                "gke_backup_agent_config": [],
                "horizontal_pod_autoscaling": [],
                "http_load_balancing": [],
                "network_policy_config": [
                  {
                    "disabled": true
                  }
                ]
              }
            ],
            "allow_net_admin": null,
            "authenticator_groups_config": [],
            "binary_authorization": [
              {
                "enabled": false,
                "evaluation_mode": ""
              }
            ],
            "cluster_autoscaling": [
              {
                "auto_provisioning_defaults": [],
                "enabled": false,
                "resource_limits": []
              }
            ],
            "cluster_ipv4_cidr": "10.44.0.0/14",
            "confidential_nodes": [],
            "cost_management_config": [],
            "database_encryption": [
              {
                "key_name": "",
                "state": "DECRYPTED"
              }
            ],
            "datapath_provider": "",
            "default_max_pods_per_node": 110,
            "default_snat_status": [
              {
                "disabled": false
              }
            ],
            "deletion_protection": true,
            "description": "",
            "dns_config": [],
            "enable_autopilot": false,
            "enable_intranode_visibility": false,
            "enable_k8s_beta_apis": [],
            "enable_kubernetes_alpha": false,
            "enable_l4_ilb_subsetting": false,
            "enable_legacy_abac": false,
            "enable_shielded_nodes": true,
            "enable_tpu": false,
            "endpoint": "34.9.16.158",
            "gateway_api_config": [],
            "id": "projects/deployemenpp-web/locations/us-central1-c/clusters/prod-web-app-cluster",
            "initial_node_count": 1,
            "ip_allocation_policy": [
              {
                "additional_pod_ranges_config": [],
                "cluster_ipv4_cidr_block": "10.44.0.0/14",
                "cluster_secondary_range_name": "gke-prod-web-app-cluster-pods-129edcdd",
                "pod_cidr_overprovision_config": [
                  {
                    "disabled": false
                  }
                ],
                "services_ipv4_cidr_block": "34.118.224.0/20",
                "services_secondary_range_name": "",
                "stack_type": "IPV4"
              }
            ],
            "label_fingerprint": "a9dc16a7",
            "location": "us-central1-c",
            "logging_config": [
              {
                "enable_components": [
                  "SYSTEM_COMPONENTS",
                  "WORKLOADS"
                ]
              }
            ],
            "logging_service": "logging.googleapis.com/kubernetes",
            "maintenance_policy": [],
            "master_auth": [
              {
                "client_certificate": "",
                "client_certificate_config": [
                  {
                    "issue_client_certificate": false
                  }
                ],
                "client_key": "",
                "cluster_ca_certificate": "LS0tLS1CRUdJTiBDRVJUSUZJQ0FURS0tLS0tCk1JSUVMVENDQXBXZ0F3SUJBZ0lSQUlKWEpjY3ljKzVTeVYrdHRiTTA2UTh3RFFZSktvWklodmNOQVFFTEJRQXcKTHpFdE1Dc0dBMVVFQXhNa1lUUXdPVEkxWVdZdFl6STJaUzAwWkdVNExUZ3lZVEV0Wm1JeE5UaG1NMlF4TTJRNQpNQ0FYRFRJMU1EZ3hPREUwTWpBek5Wb1lEekl3TlRVd09ERXhNVFV5TURNMVdqQXZNUzB3S3dZRFZRUURFeVJoCk5EQTVNalZoWmkxak1qWmxMVFJrWlRndE9ESmhNUzFtWWpFMU9HWXpaREV6WkRrd2dnR2lNQTBHQ1NxR1NJYjMKRFFFQkFRVUFBNElCandBd2dnR0tBb0lCZ1FDaXZUMCtNY2dqYUc4V3lGWkxpWHNVK0NISDh5V3BnTlBFdDFCcQowTjY4NmVnMXRZenVXWmVycUVGRE5zTkFaTkk2SXduVG1oTm44RmNLL1ZHVlpuLzRxblZabDAyRHRudkdqTkU4CmxiUW5UMHRlSGRrcmtsRXY3UFlFaStGWkltMkE3SDcxTkFGTFJFOXIvZWxrNjBQZ05kSUtkSTVsdnBhd21nQ3YKbVVnWUdsSlFqSjV0SDFRKzI0QnVpMWp2V1d4SEQ2TUpYeGp2dEU0SFR0T0U3Ukl2T0RGY3llK3dSM0N4KzJrZApOcldWNlVSQXBmNzY3RXFmM0k4MlJMUjZZQmVhZGgxZnZrVUlsWnBMZ293Z2MvK1ZXcUxHUnVOc1gxTnZEOXBGCkJZbDU5SWJoaHoxNVBZR05YRlo1dktVTEFyRk1JK0N0VUIyMDcyVjZPMGUwdDB2cUxpMExlSTF4N2JrVVdvNlIKVmxoY0k5NzVCOC9rb2hMZjg4ODNPV1ZUdEJ0QndrVzdCdjVuaE5RK2RIbGFzYTNXS29uZlEwU2tybXl6WU5ZdgpkZTh6R0N1b2o3elo1ZEJsQ2o5RnJwOU1GNnpFZWhIZUhLSWZ4NkZ1cjBMbzhJeGNnVTBxK1dqemVGVFZudUlJClZFWTBDTFgwSGI5Qml6MGRndXg4cnFaSjNqMENBd0VBQWFOQ01FQXdEZ1lEVlIwUEFRSC9CQVFEQWdJRU1BOEcKQTFVZEV3RUIvd1FGTUFNQkFmOHdIUVlEVlIwT0JCWUVGTHhPSUxoR2s1clp3RUp0eFVUNHNIMXJxT3hDTUEwRwpDU3FHU0liM0RRRUJDd1VBQTRJQmdRQjZybXM2eTV0QUhISXNqb0JVUDJHY2l2aDNCNlJjOVNGd3h0OTh2dDZXCjFPbTBodGZqOEVZMHpwbnpGK0VUWndyb2RaVm5EL0UvVjNQczRzOTNCbFMrRkI3c2FGM1hoTXNUT05yNEdHZysKZkNXci9vYlhIYTFkNkY0TUxSQ2drYWNsTFpZZ01qdVBwQU0ySitYY25kREpNT21CQjlrTDNoNjI0dHorcC9WOQpaMzZlZGxwRG9RSEVHYlVrNDNjQTBuTjQ4K3lhelFuc0pOMitmM0Yrb3ZlTGJpYVNxS3l1UVBZbGxQN1QwMDBUCkluM3EyUlN0MXdjUklkZDFSSzRZKzM5RHovaTZ4Q1lZc2FKSVg2Q3hDR1RocnlzVUtYUUxxZ0I0TXhFelM4VksKZ2VEalQ4QzhwZ0o4UktlQlo3VU1nN3AwRnNaV1RpQ1JtMWNrczJOaWlFRXUyMVhFMG1GOGFsTjVXRGs0U1JYdQpNMkdDdzgzMko4WTV6eTh6ZUFvZGJuU0wzRVFYT1lleGNuT0FHT0VaeDBaU0JQVFBRZEl4NTFDNmRHd0p6am9vCklFYVhvOGNKdEJCZFA1V05uaFNmZ3JXTDY5SFNiS0VPcDhsT1Y1ZUUvMDB5VE45LzUvVlIyR0lFSTlOejF4SzcKMHA4U0s0Y1ZVbDBVK05Pd3BzMHNSaVU9Ci0tLS0tRU5EIENFUlRJRklDQVRFLS0tLS0K"
              }
            ],
            "master_authorized_networks_config": [],
            "master_version": "1.33.2-gke.1240000",
            "mesh_certificates": [],
            "min_master_version": null,
            "monitoring_config": [
              {
                "advanced_datapath_observability_config": [
                  {
                    "enable_metrics": false,
                    "relay_mode": ""
                  }
                ],
                "enable_components": [
                  "SYSTEM_COMPONENTS",
                  "JOBSET",
                  "STORAGE",
                  "HPA",
                  "POD",
                  "DAEMONSET",
                  "DEPLOYMENT",
                  "STATEFULSET",
                  "CADVISOR",
                  "KUBELET",
                  "DCGM"
                ],
                "managed_prometheus": [
                  {
                    "enabled": true
                  }
                ]
              }
            ],
            "monitoring_service": "monitoring.googleapis.com/kubernetes",
            "name": "prod-web-app-cluster",
            "network": "projects/deployemenpp-web/global/networks/default",
            "network_policy": [
              {
                "enabled": false,
                "provider": "PROVIDER_UNSPECIFIED"
              }
            ],
            "networking_mode": "VPC_NATIVE",
            "node_config": [
              {
                "advanced_machine_features": [],
                "boot_disk_kms_key": "",
                "confidential_nodes": [],
                "disk_size_gb": 20,
                "disk_type": "pd-balanced",
                "effective_taints": [],
                "ephemeral_storage_local_ssd_config": [],
                "fast_socket": [],
                "gcfs_config": [],
                "guest_accelerator": [],
                "gvnic": [],
                "host_maintenance_policy": [],
                "image_type": "COS_CONTAINERD",
                "kubelet_config": [
                  {
                    "cpu_cfs_quota": false,
                    "cpu_cfs_quota_period": "",
                    "cpu_manager_policy": "",
                    "pod_pids_limit": 0
                  }
                ],
                "labels": {},
                "linux_node_config": [],
                "local_nvme_ssd_block_config": [],
                "local_ssd_count": 0,
                "logging_variant": "DEFAULT",
                "machine_type": "e2-medium",
                "metadata": {
                  "disable-legacy-endpoints": "true"
                },
                "min_cpu_platform": "",
                "node_group": "",
                "oauth_scopes": [
                  "https://www.googleapis.com/auth/devstorage.read_only",
                  "https://www.googleapis.com/auth/logging.write",
                  "https://www.googleapis.com/auth/monitoring",
                  "https://www.googleapis.com/auth/service.management.readonly",
                  "https://www.googleapis.com/auth/servicecontrol",
                  "https://www.googleapis.com/auth/trace.append"
                ],
                "preemptible": false,
                "reservation_affinity": [],
                "resource_labels": {
                  "goog-gke-node-pool-provisioning-model": "on-demand"
                },
                "service_account": "default",
                "shielded_instance_config": [
                  {
                    "enable_integrity_monitoring": true,
                    "enable_secure_boot": false
                  }
                ],
                "sole_tenant_config": [],
                "spot": false,
                "tags": null,
                "taint": [],
                "workload_metadata_config": []
              }
            ],
            "node_locations": [],
            "node_pool": [
              {
                "autoscaling": [],
                "initial_node_count": 1,
                "instance_group_urls": [
                  "https://www.googleapis.com/compute/v1/projects/deployemenpp-web/zones/us-central1-c/instanceGroupManagers/gke-prod-web-app-cluster-default-pool-a667bcaf-grp"
                ],
                "managed_instance_group_urls": [
                  "https://www.googleapis.com/compute/v1/projects/deployemenpp-web/zones/us-central1-c/instanceGroups/gke-prod-web-app-cluster-default-pool-a667bcaf-grp"
                ],
                "management": [
                  {
                    "auto_repair": true,
                    "auto_upgrade": true
                  }
                ],
                "max_pods_per_node": 110,
                "name": "default-pool",
                "name_prefix": "",
                "network_config": [
                  {
                    "create_pod_range": false,
                    "enable_private_nodes": false,
                    "pod_cidr_overprovision_config": [],
                    "pod_ipv4_cidr_block": "10.44.0.0/14",
                    "pod_range": "gke-prod-web-app-cluster-pods-129edcdd"
                  }
                ],
                "node_config": [
                  {
                    "advanced_machine_features": [],
                    "boot_disk_kms_key": "",
                    "confidential_nodes": [],
                    "disk_size_gb": 20,
                    "disk_type": "pd-balanced",
                    "effective_taints": [],
                    "ephemeral_storage_local_ssd_config": [],
                    "fast_socket": [],
                    "gcfs_config": [],
                    "guest_accelerator": [],
                    "gvnic": [],
                    "host_maintenance_policy": [],
                    "image_type": "COS_CONTAINERD",
                    "kubelet_config": [
                      {
                        "cpu_cfs_quota": false,
                        "cpu_cfs_quota_period": "",
                        "cpu_manager_policy": "",
                        "pod_pids_limit": 0
                      }
                    ],
                    "labels": {},
                    "linux_node_config": [],
                    "local_nvme_ssd_block_config": [],
                    "local_ssd_count": 0,
                    "logging_variant": "DEFAULT",
                    "machine_type": "e2-medium",
                    "metadata": {
                      "disable-legacy-endpoints": "true"
                    },
                    "min_cpu_platform": "",
                    "node_group": "",
                    "oauth_scopes": [
                      "https://www.googleapis.com/auth/devstorage.read_only",
                      "https://www.googleapis.com/auth/logging.write",
                      "https://www.googleapis.com/auth/monitoring",
                      "https://www.googleapis.com/auth/service.management.readonly",
                      "https://www.googleapis.com/auth/servicecontrol",
                      "https://www.googleapis.com/auth/trace.append"
                    ],
                    "preemptible": false,
                    "reservation_affinity": [],
                    "resource_labels": {
                      "goog-gke-node-pool-provisioning-model": "on-demand"
                    },
                    "service_account": "default",
                    "shielded_instance_config": [
                      {
                        "enable_integrity_monitoring": true,
                        "enable_secure_boot": false
                      }
                    ],
                    "sole_tenant_config": [],
                    "spot": false,
                    "tags": [],
                    "taint": [],
                    "workload_metadata_config": []
                  }
                ],
                "node_count": 1,
                "node_locations": [
                  "us-central1-c"
                ],
                "placement_policy": [],
                "upgrade_settings": [
                  {
                    "blue_green_settings": [],
                    "max_surge": 1,
                    "max_unavailable": 0,
                    "strategy": "SURGE"
                  }
                ],
                "version": "1.33.2-gke.1240000"
              }
            ],
            "node_pool_auto_config": [
              {
                "network_tags": null
              }
            ],
            "node_pool_defaults": [
              {
                "node_config_defaults": [
                  {
                    "logging_variant": "DEFAULT"
                  }
                ]
              }
            ],
            "node_version": "1.33.2-gke.1240000",
            "notification_config": [
              {
                "pubsub": [
                  {
                    "enabled": false,
                    "filter": [],
                    "topic": ""
                  }
                ]
              }
            ],
            "operation": null,
            "private_cluster_config": [
              {
                "enable_private_endpoint": false,
                "enable_private_nodes": false,
                "master_global_access_config": [
                  {
                    "enabled": false
                  }
                ],
                "master_ipv4_cidr_block": "",
                "peering_name": "",
                "private_endpoint": "10.128.0.10",
                "private_endpoint_subnetwork": "",
                "public_endpoint": "34.9.16.158"
              }
            ],
            "private_ipv6_google_access": "",
            "project": "deployemenpp-web",
            "release_channel": [
              {
                "channel": "REGULAR"
              }
            ],
            "remove_default_node_pool": null,
            "resource_labels": null,
            "resource_usage_export_config": [],
            "security_posture_config": [
              {
                "mode": "BASIC",
                "vulnerability_mode": "VULNERABILITY_MODE_UNSPECIFIED"
              }
            ],
            "self_link": "https://container.googleapis.com/v1/projects/deployemenpp-web/zones/us-central1-c/clusters/prod-web-app-cluster",
            "service_external_ips_config": [
              {
                "enabled": false
              }
            ],
            "services_ipv4_cidr": "34.118.224.0/20",
            "subnetwork": "projects/deployemenpp-web/regions/us-central1/subnetworks/default",
            "timeouts": null,
            "tpu_ipv4_cidr_block": "",
            "vertical_pod_autoscaling": [],
            "workload_identity_config": []
          },
          "sensitive_attributes": [
            [
              {
                "type": "get_attr",
                "value": "master_auth"
              },
              {
                "type": "index",
                "value": {
                  "value": 0,
                  "type": "number"
                }
              },
              {
                "type": "get_attr",
                "value": "client_key"
              }
            ]
          ],
          "identity_schema_version": 0,
          "private": "eyJlMmJmYjczMC1lY2FhLTExZTYtOGY4OC0zNDM2M2JjN2M0YzAiOnsiY3JlYXRlIjoyNDAwMDAwMDAwMDAwLCJkZWxldGUiOjI0MDAwMDAwMDAwMDAsInJlYWQiOjI0MDAwMDAwMDAwMDAsInVwZGF0ZSI6MzYwMDAwMDAwMDAwMH0sInNjaGVtYV92ZXJzaW9uIjoiMiJ9"
        }
      ]
    }
  ],
  "check_results": null
}
